lockfileVersion: '9.0'

settings:
  autoInstallPeers: true
  excludeLinksFromLockfile: false

importers:

  .:
    dependencies:
      '@popstarfreas/rescript-nodejs':
        specifier: git+https://github.com/popstarfreas/rescript-nodejs.git#f3bd284
        version: https://codeload.github.com/popstarfreas/rescript-nodejs/tar.gz/f3bd284
      rescript:
        specifier: ^12.1.0
        version: 12.1.0
      terraria-packet:
        specifier: github:popstarfreas/rescript-terrariapacket#f491646dab8d3d8625042e8e03eb47b92783323b
        version: https://codeload.github.com/popstarfreas/rescript-terrariapacket/tar.gz/f491646dab8d3d8625042e8e03eb47b92783323b(rescript@12.1.0)

packages:

  '@popstarfreas/packetfactory@7.1.3':
    resolution: {integrity: sha512-hgsR+1d99UYykstXveILfRnNCKPFXwEAGImxqOu5OkrLZfMuisu2K1zWg57nzBojk8ckSp0PLupS0Lapv21ZwA==}

  '@popstarfreas/rescript-nodejs@https://codeload.github.com/popstarfreas/rescript-nodejs/tar.gz/f3bd284':
    resolution: {tarball: https://codeload.github.com/popstarfreas/rescript-nodejs/tar.gz/f3bd284}
    version: 16.1.0

  '@popstarfreas/rescript-nodejs@https://codeload.github.com/popstarfreas/rescript-nodejs/tar.gz/f3bd284a3ef17a3fc7cc81ccb7c362b278ea66c7':
    resolution: {tarball: https://codeload.github.com/popstarfreas/rescript-nodejs/tar.gz/f3bd284a3ef17a3fc7cc81ccb7c362b278ea66c7}
    version: 16.1.0

  '@rescript/core@1.6.1':
    resolution: {integrity: sha512-vyb5k90ck+65Fgui+5vCja/mUfzKaK3kOPT4Z6aAJdHLH1eljEi1zKhXroCiCtpNLSWp8k4ulh1bdB5WS0hvqA==}
    peerDependencies:
      rescript: '>=11.1.0'

  '@rescript/darwin-arm64@12.1.0':
    resolution: {integrity: sha512-OuJMT+2h2Lp60n8ONFx1oBAAePSVkM9zl7E/EX4VD2xkQoVTPklz0BpHYOICnFJSCOOdbOhbsTBXdLpo3yvllg==}
    engines: {node: '>=20.11.0'}
    cpu: [arm64]
    os: [darwin]

  '@rescript/darwin-x64@12.1.0':
    resolution: {integrity: sha512-r5Iv4ga+LaNq+6g9LODwZG4bwydd9UDXACP/HKxOfrP9XQCITlF/XqB1ZDJWyJOgJLZSJCd7erlG38YtB0VZKA==}
    engines: {node: '>=20.11.0'}
    cpu: [x64]
    os: [darwin]

  '@rescript/linux-arm64@12.1.0':
    resolution: {integrity: sha512-UTZv4GTjbyQ/T5LQDfQiGcumK3SzE1K7+ug6gWpDcGZ7ALc7hCS6BVEFL/LDs8iWVwAwkK/6r456s2zRnvS7wQ==}
    engines: {node: '>=20.11.0'}
    cpu: [arm64]
    os: [linux]

  '@rescript/linux-x64@12.1.0':
    resolution: {integrity: sha512-c0PXuBL09JRSA4nQusYbR4mW5QJrBPqxDrqvIX+M79fk3d6jQmj5x4NsBwk5BavxvmbR/JU1JjYBlSAa3h22Vg==}
    engines: {node: '>=20.11.0'}
    cpu: [x64]
    os: [linux]

  '@rescript/runtime@12.1.0':
    resolution: {integrity: sha512-bvr9RfvBD+JS/6foWCA4l2fLXmUXN0KGqylXQPHt09QxUghqgoCiaWVHaHSx5dOIk/jAPlGQ7zB5yVeMas/EFQ==}

  '@rescript/win32-x64@12.1.0':
    resolution: {integrity: sha512-nQC42QByyAbryfkbyK67iskipUqXVwTPCFrqissY4jJoP0128gg0yG6DydJnV1stXphtFdMFHtmyYE1ffG7UBg==}
    engines: {node: '>=20.11.0'}
    cpu: [x64]
    os: [win32]

  rescript@12.1.0:
    resolution: {integrity: sha512-n/B43wzIEKV4OmlrWbrlQOL4zZaz0RM/Cc8PG2YvhQvQDW7nscHJliDq1AGeVwHoMX68MeaKKzLDOMOMU9Z6FA==}
    engines: {node: '>=20.11.0'}
    hasBin: true

  terraria-packet@https://codeload.github.com/popstarfreas/rescript-terrariapacket/tar.gz/f491646dab8d3d8625042e8e03eb47b92783323b:
    resolution: {tarball: https://codeload.github.com/popstarfreas/rescript-terrariapacket/tar.gz/f491646dab8d3d8625042e8e03eb47b92783323b}
    version: 1.0.0

snapshots:

  '@popstarfreas/packetfactory@7.1.3':
    dependencies:
      '@popstarfreas/rescript-nodejs': https://codeload.github.com/popstarfreas/rescript-nodejs/tar.gz/f3bd284a3ef17a3fc7cc81ccb7c362b278ea66c7
    optionalDependencies:
      rescript: 12.1.0

  '@popstarfreas/rescript-nodejs@https://codeload.github.com/popstarfreas/rescript-nodejs/tar.gz/f3bd284': {}

  '@popstarfreas/rescript-nodejs@https://codeload.github.com/popstarfreas/rescript-nodejs/tar.gz/f3bd284a3ef17a3fc7cc81ccb7c362b278ea66c7': {}

  '@rescript/core@1.6.1(rescript@12.1.0)':
    dependencies:
      rescript: 12.1.0

  '@rescript/darwin-arm64@12.1.0':
    optional: true

  '@rescript/darwin-x64@12.1.0':
    optional: true

  '@rescript/linux-arm64@12.1.0':
    optional: true

  '@rescript/linux-x64@12.1.0':
    optional: true

  '@rescript/runtime@12.1.0': {}

  '@rescript/win32-x64@12.1.0':
    optional: true

  rescript@12.1.0:
    dependencies:
      '@rescript/runtime': 12.1.0
    optionalDependencies:
      '@rescript/darwin-arm64': 12.1.0
      '@rescript/darwin-x64': 12.1.0
      '@rescript/linux-arm64': 12.1.0
      '@rescript/linux-x64': 12.1.0
      '@rescript/win32-x64': 12.1.0

  terraria-packet@https://codeload.github.com/popstarfreas/rescript-terrariapacket/tar.gz/f491646dab8d3d8625042e8e03eb47b92783323b(rescript@12.1.0):
    dependencies:
      '@popstarfreas/packetfactory': 7.1.3
      '@rescript/core': 1.6.1(rescript@12.1.0)
      '@rescript/runtime': 12.1.0
    transitivePeerDependencies:
      - rescript
